<Solution>
  <Project Path="../Benchmarks/Benchmarks.csproj" />
  <Project Path="../Level1_Naive/Level1_Naive.csproj" />
  <Project Path="../Level2_Stream/Level2_Stream.csproj" />
  <Project Path="../Level3_Parallel/Level3_Parallel.csproj" />
  <Project Path="../Level4_MMF/Level4_MMF.csproj" />
  <Project Path="../Shared/Shared.csproj" />
  <Project Path="DataGenerator.csproj" />
</Solution>
